
Microsoft Visual Studio Solution File, Format Version 12.00
# Visual Studio Version 16
VisualStudioVersion = 16.0.30907.101
MinimumVisualStudioVersion = 10.0.40219.1
Project("{9A19103F-16F7-4668-BE54-9A1E7A4F7556}") = "Madaraboina", "Madaraboina.csproj", "{1A2CBAD4-71E8-4978-BC30-4C8E804031FF}"
EndProject
Global
	GlobalSection(SolutionConfigurationPlatforms) = preSolution
		Debug|Any CPU = Debug|Any CPU
		Release|Any CPU = Release|Any CPU
	EndGlobalSection
	GlobalSection(ProjectConfigurationPlatforms) = postSolution
		{1A2CBAD4-71E8-4978-BC30-4C8E804031FF}.Debug|Any CPU.ActiveCfg = Debug|Any CPU
		{1A2CBAD4-71E8-4978-BC30-4C8E804031FF}.Debug|Any CPU.Build.0 = Debug|Any CPU
		{1A2CBAD4-71E8-4978-BC30-4C8E804031FF}.Release|Any CPU.ActiveCfg = Release|Any CPU
		{1A2CBAD4-71E8-4978-BC30-4C8E804031FF}.Release|Any CPU.Build.0 = Release|Any CPU
	EndGlobalSection
	GlobalSection(SolutionProperties) = preSolution
		HideSolutionNode = FALSE
	EndGlobalSection
	GlobalSection(ExtensibilityGlobals) = postSolution
		SolutionGuid = {DF6F5F00-50D5-4130-B8DA-B9E1270401F9}
	EndGlobalSection
EndGlobal
